
Microsoft Visual Studio Solution File, Format Version 12.00
# Visual Studio 14
VisualStudioVersion = 14.0.23107.0
MinimumVisualStudioVersion = 10.0.40219.1
Project("{FAE04EC0-301F-11D3-BF4B-00C04F79EFBC}") = "ContractLib", "ContractLib\ContractLib.csproj", "{3D37F4D9-DBFC-4BFE-99C1-5DCFEEB3D6B4}"
EndProject
Project("{FAE04EC0-301F-11D3-BF4B-00C04F79EFBC}") = "HostApp", "HostApp\HostApp.csproj", "{262F671B-B6E6-4AA3-B7E3-357760E67250}"
EndProject
Project("{FAE04EC0-301F-11D3-BF4B-00C04F79EFBC}") = "MyNewExtension", "MyNewExtension\MyNewExtension.csproj", "{3D27D49B-3AB4-4B97-8AF6-ED26EBFC8E49}"
EndProject
Global
	GlobalSection(SolutionConfigurationPlatforms) = preSolution
		Debug|Any CPU = Debug|Any CPU
		Release|Any CPU = Release|Any CPU
	EndGlobalSection
	GlobalSection(ProjectConfigurationPlatforms) = postSolution
		{3D37F4D9-DBFC-4BFE-99C1-5DCFEEB3D6B4}.Debug|Any CPU.ActiveCfg = Debug|Any CPU
		{3D37F4D9-DBFC-4BFE-99C1-5DCFEEB3D6B4}.Debug|Any CPU.Build.0 = Debug|Any CPU
		{3D37F4D9-DBFC-4BFE-99C1-5DCFEEB3D6B4}.Release|Any CPU.ActiveCfg = Release|Any CPU
		{3D37F4D9-DBFC-4BFE-99C1-5DCFEEB3D6B4}.Release|Any CPU.Build.0 = Release|Any CPU
		{262F671B-B6E6-4AA3-B7E3-357760E67250}.Debug|Any CPU.ActiveCfg = Debug|Any CPU
		{262F671B-B6E6-4AA3-B7E3-357760E67250}.Debug|Any CPU.Build.0 = Debug|Any CPU
		{262F671B-B6E6-4AA3-B7E3-357760E67250}.Release|Any CPU.ActiveCfg = Release|Any CPU
		{262F671B-B6E6-4AA3-B7E3-357760E67250}.Release|Any CPU.Build.0 = Release|Any CPU
		{3D27D49B-3AB4-4B97-8AF6-ED26EBFC8E49}.Debug|Any CPU.ActiveCfg = Debug|Any CPU
		{3D27D49B-3AB4-4B97-8AF6-ED26EBFC8E49}.Debug|Any CPU.Build.0 = Debug|Any CPU
		{3D27D49B-3AB4-4B97-8AF6-ED26EBFC8E49}.Release|Any CPU.ActiveCfg = Release|Any CPU
		{3D27D49B-3AB4-4B97-8AF6-ED26EBFC8E49}.Release|Any CPU.Build.0 = Release|Any CPU
	EndGlobalSection
	GlobalSection(SolutionProperties) = preSolution
		HideSolutionNode = FALSE
	EndGlobalSection
EndGlobal
