
Microsoft Visual Studio Solution File, Format Version 12.00
# Visual Studio 14
VisualStudioVersion = 14.0.23107.0
MinimumVisualStudioVersion = 10.0.40219.1
Project("{2150E333-8FDC-42A3-9474-1A3956D46DE8}") = "ServiceOrientedApplications", "ServiceOrientedApplications", "{FB0121D0-2F0E-4719-9E52-DDFBB51A26CC}"
EndProject
Project("{FAE04EC0-301F-11D3-BF4B-00C04F79EFBC}") = "RemoteObjectLib", "RemotingDemo\RemoteObjectLib\RemoteObjectLib.csproj", "{65EA163C-A2A8-4A7E-9315-74CBAD24A38C}"
EndProject
Project("{FAE04EC0-301F-11D3-BF4B-00C04F79EFBC}") = "RemoteClient", "RemotingDemo\RemoteClient\RemoteClient.csproj", "{14631A0B-9DF9-4996-87FA-52B158C8621A}"
EndProject
Project("{FAE04EC0-301F-11D3-BF4B-00C04F79EFBC}") = "RemoteServer", "RemotingDemo\RemoteServer\RemoteServer.csproj", "{0DF0A88A-37E5-45BD-8F01-E82929A7CF1C}"
EndProject
Project("{E24C65DC-7377-472B-9ABA-BC803B73C61A}") = "SampleWebService", "SampleWebService\", "{2C458EBF-21DB-4396-A31C-02DD9581CFFE}"
	ProjectSection(WebsiteProperties) = preProject
		TargetFrameworkMoniker = ".NETFramework,Version%3Dv3.5"
		Debug.AspNetCompiler.VirtualPath = "/localhost_3418"
		Debug.AspNetCompiler.PhysicalPath = "SampleWebService\"
		Debug.AspNetCompiler.TargetPath = "PrecompiledWeb\localhost_3418\"
		Debug.AspNetCompiler.Updateable = "true"
		Debug.AspNetCompiler.ForceOverwrite = "true"
		Debug.AspNetCompiler.FixedNames = "false"
		Debug.AspNetCompiler.Debug = "True"
		Release.AspNetCompiler.VirtualPath = "/localhost_3418"
		Release.AspNetCompiler.PhysicalPath = "SampleWebService\"
		Release.AspNetCompiler.TargetPath = "PrecompiledWeb\localhost_3418\"
		Release.AspNetCompiler.Updateable = "true"
		Release.AspNetCompiler.ForceOverwrite = "true"
		Release.AspNetCompiler.FixedNames = "false"
		Release.AspNetCompiler.Debug = "False"
		VWDPort = "3418"
		SlnRelativePath = "SampleWebService\"
		DefaultWebSiteLanguage = "Visual C#"
	EndProjectSection
EndProject
Project("{FAE04EC0-301F-11D3-BF4B-00C04F79EFBC}") = "SampleConApp", "SampleConApp\SampleConApp.csproj", "{7C3D6D83-6704-4CAA-85A0-155E962D3603}"
	ProjectSection(ProjectDependencies) = postProject
		{D3BD4ACB-A645-4AE0-9E3B-C0292FE25256} = {D3BD4ACB-A645-4AE0-9E3B-C0292FE25256}
	EndProjectSection
EndProject
Project("{FAE04EC0-301F-11D3-BF4B-00C04F79EFBC}") = "SampleWcfLib", "WCF\SampleWcfLib\SampleWcfLib.csproj", "{D3BD4ACB-A645-4AE0-9E3B-C0292FE25256}"
EndProject
Project("{FAE04EC0-301F-11D3-BF4B-00C04F79EFBC}") = "UIApplication", "UIApplication\UIApplication.csproj", "{A81345DA-55A5-497D-9F59-15E7D4B15686}"
	ProjectSection(ProjectDependencies) = postProject
		{D3BD4ACB-A645-4AE0-9E3B-C0292FE25256} = {D3BD4ACB-A645-4AE0-9E3B-C0292FE25256}
	EndProjectSection
EndProject
Project("{FAE04EC0-301F-11D3-BF4B-00C04F79EFBC}") = "MathUnitTestLib", "MathUnitTestLib\MathUnitTestLib.csproj", "{6088F568-E8B5-417F-8398-E8A59D20E23F}"
EndProject
Project("{FAE04EC0-301F-11D3-BF4B-00C04F79EFBC}") = "MathTestLib", "MathTestLib\MathTestLib.csproj", "{ED2EBED9-E0CE-4695-9946-B104D13AAF62}"
EndProject
Global
	GlobalSection(SolutionConfigurationPlatforms) = preSolution
		Debug|Any CPU = Debug|Any CPU
		Release|Any CPU = Release|Any CPU
	EndGlobalSection
	GlobalSection(ProjectConfigurationPlatforms) = postSolution
		{65EA163C-A2A8-4A7E-9315-74CBAD24A38C}.Debug|Any CPU.ActiveCfg = Debug|Any CPU
		{65EA163C-A2A8-4A7E-9315-74CBAD24A38C}.Debug|Any CPU.Build.0 = Debug|Any CPU
		{65EA163C-A2A8-4A7E-9315-74CBAD24A38C}.Release|Any CPU.ActiveCfg = Release|Any CPU
		{65EA163C-A2A8-4A7E-9315-74CBAD24A38C}.Release|Any CPU.Build.0 = Release|Any CPU
		{14631A0B-9DF9-4996-87FA-52B158C8621A}.Debug|Any CPU.ActiveCfg = Debug|Any CPU
		{14631A0B-9DF9-4996-87FA-52B158C8621A}.Debug|Any CPU.Build.0 = Debug|Any CPU
		{14631A0B-9DF9-4996-87FA-52B158C8621A}.Release|Any CPU.ActiveCfg = Release|Any CPU
		{14631A0B-9DF9-4996-87FA-52B158C8621A}.Release|Any CPU.Build.0 = Release|Any CPU
		{0DF0A88A-37E5-45BD-8F01-E82929A7CF1C}.Debug|Any CPU.ActiveCfg = Debug|Any CPU
		{0DF0A88A-37E5-45BD-8F01-E82929A7CF1C}.Debug|Any CPU.Build.0 = Debug|Any CPU
		{0DF0A88A-37E5-45BD-8F01-E82929A7CF1C}.Release|Any CPU.ActiveCfg = Release|Any CPU
		{0DF0A88A-37E5-45BD-8F01-E82929A7CF1C}.Release|Any CPU.Build.0 = Release|Any CPU
		{2C458EBF-21DB-4396-A31C-02DD9581CFFE}.Debug|Any CPU.ActiveCfg = Debug|Any CPU
		{2C458EBF-21DB-4396-A31C-02DD9581CFFE}.Debug|Any CPU.Build.0 = Debug|Any CPU
		{2C458EBF-21DB-4396-A31C-02DD9581CFFE}.Release|Any CPU.ActiveCfg = Debug|Any CPU
		{2C458EBF-21DB-4396-A31C-02DD9581CFFE}.Release|Any CPU.Build.0 = Debug|Any CPU
		{7C3D6D83-6704-4CAA-85A0-155E962D3603}.Debug|Any CPU.ActiveCfg = Debug|Any CPU
		{7C3D6D83-6704-4CAA-85A0-155E962D3603}.Debug|Any CPU.Build.0 = Debug|Any CPU
		{7C3D6D83-6704-4CAA-85A0-155E962D3603}.Release|Any CPU.ActiveCfg = Release|Any CPU
		{7C3D6D83-6704-4CAA-85A0-155E962D3603}.Release|Any CPU.Build.0 = Release|Any CPU
		{D3BD4ACB-A645-4AE0-9E3B-C0292FE25256}.Debug|Any CPU.ActiveCfg = Debug|Any CPU
		{D3BD4ACB-A645-4AE0-9E3B-C0292FE25256}.Debug|Any CPU.Build.0 = Debug|Any CPU
		{D3BD4ACB-A645-4AE0-9E3B-C0292FE25256}.Release|Any CPU.ActiveCfg = Release|Any CPU
		{D3BD4ACB-A645-4AE0-9E3B-C0292FE25256}.Release|Any CPU.Build.0 = Release|Any CPU
		{A81345DA-55A5-497D-9F59-15E7D4B15686}.Debug|Any CPU.ActiveCfg = Debug|Any CPU
		{A81345DA-55A5-497D-9F59-15E7D4B15686}.Debug|Any CPU.Build.0 = Debug|Any CPU
		{A81345DA-55A5-497D-9F59-15E7D4B15686}.Release|Any CPU.ActiveCfg = Release|Any CPU
		{A81345DA-55A5-497D-9F59-15E7D4B15686}.Release|Any CPU.Build.0 = Release|Any CPU
		{6088F568-E8B5-417F-8398-E8A59D20E23F}.Debug|Any CPU.ActiveCfg = Debug|Any CPU
		{6088F568-E8B5-417F-8398-E8A59D20E23F}.Debug|Any CPU.Build.0 = Debug|Any CPU
		{6088F568-E8B5-417F-8398-E8A59D20E23F}.Release|Any CPU.ActiveCfg = Release|Any CPU
		{6088F568-E8B5-417F-8398-E8A59D20E23F}.Release|Any CPU.Build.0 = Release|Any CPU
		{ED2EBED9-E0CE-4695-9946-B104D13AAF62}.Debug|Any CPU.ActiveCfg = Debug|Any CPU
		{ED2EBED9-E0CE-4695-9946-B104D13AAF62}.Debug|Any CPU.Build.0 = Debug|Any CPU
		{ED2EBED9-E0CE-4695-9946-B104D13AAF62}.Release|Any CPU.ActiveCfg = Release|Any CPU
		{ED2EBED9-E0CE-4695-9946-B104D13AAF62}.Release|Any CPU.Build.0 = Release|Any CPU
	EndGlobalSection
	GlobalSection(SolutionProperties) = preSolution
		HideSolutionNode = FALSE
	EndGlobalSection
	GlobalSection(NestedProjects) = preSolution
		{65EA163C-A2A8-4A7E-9315-74CBAD24A38C} = {FB0121D0-2F0E-4719-9E52-DDFBB51A26CC}
		{14631A0B-9DF9-4996-87FA-52B158C8621A} = {FB0121D0-2F0E-4719-9E52-DDFBB51A26CC}
		{0DF0A88A-37E5-45BD-8F01-E82929A7CF1C} = {FB0121D0-2F0E-4719-9E52-DDFBB51A26CC}
		{2C458EBF-21DB-4396-A31C-02DD9581CFFE} = {FB0121D0-2F0E-4719-9E52-DDFBB51A26CC}
		{7C3D6D83-6704-4CAA-85A0-155E962D3603} = {FB0121D0-2F0E-4719-9E52-DDFBB51A26CC}
		{D3BD4ACB-A645-4AE0-9E3B-C0292FE25256} = {FB0121D0-2F0E-4719-9E52-DDFBB51A26CC}
	EndGlobalSection
EndGlobal
